
Microsoft Visual Studio Solution File, Format Version 12.00
# Visual Studio Version 17
VisualStudioVersion = 17.6.33723.286
MinimumVisualStudioVersion = 10.0.40219.1
Project("{8BC9CEB8-8B4A-11D0-8D11-00A0C91BC942}") = "revrbe-imgui-dx11-base", "revrbe-imgui-dx11-base\revrbe-imgui-dx11-base.vcxproj", "{4EE9E5F2-F0DC-49D6-8E65-FF09324FC114}"
EndProject
Global
	GlobalSection(SolutionConfigurationPlatforms) = preSolution
		Debug|x64 = Debug|x64
		Debug|x86 = Debug|x86
		Release|x64 = Release|x64
		Release|x86 = Release|x86
	EndGlobalSection
	GlobalSection(ProjectConfigurationPlatforms) = postSolution
		{4EE9E5F2-F0DC-49D6-8E65-FF09324FC114}.Debug|x64.ActiveCfg = Debug|x64
		{4EE9E5F2-F0DC-49D6-8E65-FF09324FC114}.Debug|x64.Build.0 = Debug|x64
		{4EE9E5F2-F0DC-49D6-8E65-FF09324FC114}.Debug|x86.ActiveCfg = Debug|Win32
		{4EE9E5F2-F0DC-49D6-8E65-FF09324FC114}.Debug|x86.Build.0 = Debug|Win32
		{4EE9E5F2-F0DC-49D6-8E65-FF09324FC114}.Release|x64.ActiveCfg = Release|x64
		{4EE9E5F2-F0DC-49D6-8E65-FF09324FC114}.Release|x64.Build.0 = Release|x64
		{4EE9E5F2-F0DC-49D6-8E65-FF09324FC114}.Release|x86.ActiveCfg = Release|Win32
		{4EE9E5F2-F0DC-49D6-8E65-FF09324FC114}.Release|x86.Build.0 = Release|Win32
	EndGlobalSection
	GlobalSection(SolutionProperties) = preSolution
		HideSolutionNode = FALSE
	EndGlobalSection
	GlobalSection(ExtensibilityGlobals) = postSolution
		SolutionGuid = {FC906F3A-76FE-4E4D-BDD5-C83674E25C61}
	EndGlobalSection
EndGlobal
